
Microsoft Visual Studio Solution File, Format Version 12.00
# Visual Studio 14
VisualStudioVersion = 14.0.25420.1
MinimumVisualStudioVersion = 10.0.40219.1
Project("{FAE04EC0-301F-11D3-BF4B-00C04F79EFBC}") = "TechnicalAssessment", "TechnicalAssessment\TechnicalAssessment.csproj", "{37C787C1-6D96-4352-9BD0-A4333AD59E52}"
EndProject
Project("{FAE04EC0-301F-11D3-BF4B-00C04F79EFBC}") = "TechnicalAssessmentExtension", "TechnicalAssessmentExtension\TechnicalAssessmentExtension.csproj", "{B4CBFFFC-FEFB-4450-BB41-BAF244905AFF}"
EndProject
Project("{FAE04EC0-301F-11D3-BF4B-00C04F79EFBC}") = "TechnicalAssessmentExtensionTests", "TechnicalAssessmentExtensionTests\TechnicalAssessmentExtensionTests.csproj", "{6D1E4267-AD0E-4E6E-B42B-65F74027FF49}"
EndProject
Global
	GlobalSection(SolutionConfigurationPlatforms) = preSolution
		Debug|Any CPU = Debug|Any CPU
		Release|Any CPU = Release|Any CPU
	EndGlobalSection
	GlobalSection(ProjectConfigurationPlatforms) = postSolution
		{37C787C1-6D96-4352-9BD0-A4333AD59E52}.Debug|Any CPU.ActiveCfg = Debug|Any CPU
		{37C787C1-6D96-4352-9BD0-A4333AD59E52}.Debug|Any CPU.Build.0 = Debug|Any CPU
		{37C787C1-6D96-4352-9BD0-A4333AD59E52}.Release|Any CPU.ActiveCfg = Release|Any CPU
		{37C787C1-6D96-4352-9BD0-A4333AD59E52}.Release|Any CPU.Build.0 = Release|Any CPU
		{B4CBFFFC-FEFB-4450-BB41-BAF244905AFF}.Debug|Any CPU.ActiveCfg = Debug|Any CPU
		{B4CBFFFC-FEFB-4450-BB41-BAF244905AFF}.Debug|Any CPU.Build.0 = Debug|Any CPU
		{B4CBFFFC-FEFB-4450-BB41-BAF244905AFF}.Release|Any CPU.ActiveCfg = Release|Any CPU
		{B4CBFFFC-FEFB-4450-BB41-BAF244905AFF}.Release|Any CPU.Build.0 = Release|Any CPU
		{6D1E4267-AD0E-4E6E-B42B-65F74027FF49}.Debug|Any CPU.ActiveCfg = Debug|Any CPU
		{6D1E4267-AD0E-4E6E-B42B-65F74027FF49}.Debug|Any CPU.Build.0 = Debug|Any CPU
		{6D1E4267-AD0E-4E6E-B42B-65F74027FF49}.Release|Any CPU.ActiveCfg = Release|Any CPU
		{6D1E4267-AD0E-4E6E-B42B-65F74027FF49}.Release|Any CPU.Build.0 = Release|Any CPU
	EndGlobalSection
	GlobalSection(SolutionProperties) = preSolution
		HideSolutionNode = FALSE
	EndGlobalSection
EndGlobal
